// !$*UTF8*$!
{
	archiveVersion = 1;
	classes = {
	};
	objectVersion = 46;
	objects = {

/* Begin PBXBuildFile section */
		27DF126C1EAF131700D2D1F9 /* AppDelegate.swift in Sources */ = {isa = PBXBuildFile; fileRef = 27DF126B1EAF131700D2D1F9 /* AppDelegate.swift */; };
		27DF126E1EAF131700D2D1F9 /* ViewController.swift in Sources */ = {isa = PBXBuildFile; fileRef = 27DF126D1EAF131700D2D1F9 /* ViewController.swift */; };
		27DF12701EAF131700D2D1F9 /* Assets.xcassets in Resources */ = {isa = PBXBuildFile; fileRef = 27DF126F1EAF131700D2D1F9 /* Assets.xcassets */; };
		27DF12731EAF131700D2D1F9 /* Main.storyboard in Resources */ = {isa = PBXBuildFile; fileRef = 27DF12711EAF131700D2D1F9 /* Main.storyboard */; };
		27DF12811EAF135E00D2D1F9 /* Cocoa.framework in Frameworks */ = {isa = PBXBuildFile; fileRef = 27DF12801EAF135E00D2D1F9 /* Cocoa.framework */; };
		27DF12861EAF135E00D2D1F9 /* SafariExtensionHandler.swift in Sources */ = {isa = PBXBuildFile; fileRef = 27DF12851EAF135E00D2D1F9 /* SafariExtensionHandler.swift */; };
		27DF12881EAF135E00D2D1F9 /* SafariExtensionViewController.swift in Sources */ = {isa = PBXBuildFile; fileRef = 27DF12871EAF135E00D2D1F9 /* SafariExtensionViewController.swift */; };
		27DF128E1EAF135E00D2D1F9 /* script.js in Resources */ = {isa = PBXBuildFile; fileRef = 27DF128D1EAF135E00D2D1F9 /* script.js */; };
		27DF12931EAF135E00D2D1F9 /* Extension.appex in Embed App Extensions */ = {isa = PBXBuildFile; fileRef = 27DF127E1EAF135E00D2D1F9 /* Extension.appex */; settings = {ATTRIBUTES = (RemoveHeadersOnCopy, ); }; };
/* End PBXBuildFile section */

/* Begin PBXContainerItemProxy section */
		27DF12911EAF135E00D2D1F9 /* PBXContainerItemProxy */ = {
			isa = PBXContainerItemProxy;
			containerPortal = 27DF12601EAF131700D2D1F9 /* Project object */;
			proxyType = 1;
			remoteGlobalIDString = 27DF127D1EAF135E00D2D1F9;
			remoteInfo = Extension;
		};
/* End PBXContainerItemProxy section */

/* Begin PBXCopyFilesBuildPhase section */
		27DF12971EAF135E00D2D1F9 /* Embed App Extensions */ = {
			isa = PBXCopyFilesBuildPhase;
			buildActionMask = 2147483647;
			dstPath = "";
			dstSubfolderSpec = 13;
			files = (
				27DF12931EAF135E00D2D1F9 /* Extension.appex in Embed App Extensions */,
			);
			name = "Embed App Extensions";
			runOnlyForDeploymentPostprocessing = 0;
		};
/* End PBXCopyFilesBuildPhase section */

/* Begin PBXFileReference section */
		27DF12681EAF131700D2D1F9 /* Link Opener.app */ = {isa = PBXFileReference; explicitFileType = wrapper.application; includeInIndex = 0; path = "Link Opener.app"; sourceTree = BUILT_PRODUCTS_DIR; };
		27DF126B1EAF131700D2D1F9 /* AppDelegate.swift */ = {isa = PBXFileReference; lastKnownFileType = sourcecode.swift; path = AppDelegate.swift; sourceTree = "<group>"; };
		27DF126D1EAF131700D2D1F9 /* ViewController.swift */ = {isa = PBXFileReference; lastKnownFileType = sourcecode.swift; path = ViewController.swift; sourceTree = "<group>"; };
		27DF126F1EAF131700D2D1F9 /* Assets.xcassets */ = {isa = PBXFileReference; lastKnownFileType = folder.assetcatalog; path = Assets.xcassets; sourceTree = "<group>"; };
		27DF12721EAF131700D2D1F9 /* Base */ = {isa = PBXFileReference; lastKnownFileType = file.storyboard; name = Base; path = Base.lproj/Main.storyboard; sourceTree = "<group>"; };
		27DF12741EAF131700D2D1F9 /* Info.plist */ = {isa = PBXFileReference; lastKnownFileType = text.plist.xml; path = Info.plist; sourceTree = "<group>"; };
		27DF127E1EAF135E00D2D1F9 /* Extension.appex */ = {isa = PBXFileReference; explicitFileType = "wrapper.app-extension"; includeInIndex = 0; path = Extension.appex; sourceTree = BUILT_PRODUCTS_DIR; };
		27DF12801EAF135E00D2D1F9 /* Cocoa.framework */ = {isa = PBXFileReference; lastKnownFileType = wrapper.framework; name = Cocoa.framework; path = System/Library/Frameworks/Cocoa.framework; sourceTree = SDKROOT; };
		27DF12841EAF135E00D2D1F9 /* Extension.entitlements */ = {isa = PBXFileReference; lastKnownFileType = text.plist.entitlements; path = Extension.entitlements; sourceTree = "<group>"; };
		27DF12851EAF135E00D2D1F9 /* SafariExtensionHandler.swift */ = {isa = PBXFileReference; lastKnownFileType = sourcecode.swift; path = SafariExtensionHandler.swift; sourceTree = "<group>"; };
		27DF12871EAF135E00D2D1F9 /* SafariExtensionViewController.swift */ = {isa = PBXFileReference; lastKnownFileType = sourcecode.swift; path = SafariExtensionViewController.swift; sourceTree = "<group>"; };
		27DF128C1EAF135E00D2D1F9 /* Info.plist */ = {isa = PBXFileReference; lastKnownFileType = text.plist.xml; path = Info.plist; sourceTree = "<group>"; };
		27DF128D1EAF135E00D2D1F9 /* script.js */ = {isa = PBXFileReference; lastKnownFileType = sourcecode.javascript; path = script.js; sourceTree = "<group>"; };
/* End PBXFileReference section */

/* Begin PBXFrameworksBuildPhase section */
		27DF12651EAF131700D2D1F9 /* Frameworks */ = {
			isa = PBXFrameworksBuildPhase;
			buildActionMask = 2147483647;
			files = (
			);
			runOnlyForDeploymentPostprocessing = 0;
		};
		27DF127B1EAF135E00D2D1F9 /* Frameworks */ = {
			isa = PBXFrameworksBuildPhase;
			buildActionMask = 2147483647;
			files = (
				27DF12811EAF135E00D2D1F9 /* Cocoa.framework in Frameworks */,
			);
			runOnlyForDeploymentPostprocessing = 0;
		};
/* End PBXFrameworksBuildPhase section */

/* Begin PBXGroup section */
		27DF125F1EAF131700D2D1F9 = {
			isa = PBXGroup;
			children = (
				27DF126A1EAF131700D2D1F9 /* Link Opener */,
				27DF12821EAF135E00D2D1F9 /* Extension */,
				27DF127F1EAF135E00D2D1F9 /* Frameworks */,
				27DF12691EAF131700D2D1F9 /* Products */,
			);
			sourceTree = "<group>";
		};
		27DF12691EAF131700D2D1F9 /* Products */ = {
			isa = PBXGroup;
			children = (
				27DF12681EAF131700D2D1F9 /* Link Opener.app */,
				27DF127E1EAF135E00D2D1F9 /* Extension.appex */,
			);
			name = Products;
			sourceTree = "<group>";
		};
		27DF126A1EAF131700D2D1F9 /* Link Opener */ = {
			isa = PBXGroup;
			children = (
				27DF126B1EAF131700D2D1F9 /* AppDelegate.swift */,
				27DF126D1EAF131700D2D1F9 /* ViewController.swift */,
				27DF126F1EAF131700D2D1F9 /* Assets.xcassets */,
				27DF12711EAF131700D2D1F9 /* Main.storyboard */,
				27DF12741EAF131700D2D1F9 /* Info.plist */,
			);
			path = "Link Opener";
			sourceTree = "<group>";
		};
		27DF127F1EAF135E00D2D1F9 /* Frameworks */ = {
			isa = PBXGroup;
			children = (
				27DF12801EAF135E00D2D1F9 /* Cocoa.framework */,
			);
			name = Frameworks;
			sourceTree = "<group>";
		};
		27DF12821EAF135E00D2D1F9 /* Extension */ = {
			isa = PBXGroup;
			children = (
				27DF12851EAF135E00D2D1F9 /* SafariExtensionHandler.swift */,
				27DF12871EAF135E00D2D1F9 /* SafariExtensionViewController.swift */,
				27DF128C1EAF135E00D2D1F9 /* Info.plist */,
				27DF128D1EAF135E00D2D1F9 /* script.js */,
				27DF12831EAF135E00D2D1F9 /* Supporting Files */,
			);
			path = Extension;
			sourceTree = "<group>";
		};
		27DF12831EAF135E00D2D1F9 /* Supporting Files */ = {
			isa = PBXGroup;
			children = (
				27DF12841EAF135E00D2D1F9 /* Extension.entitlements */,
			);
			name = "Supporting Files";
			sourceTree = "<group>";
		};
/* End PBXGroup section */

/* Begin PBXNativeTarget section */
		27DF12671EAF131700D2D1F9 /* Link Opener */ = {
			isa = PBXNativeTarget;
			buildConfigurationList = 27DF12771EAF131700D2D1F9 /* Build configuration list for PBXNativeTarget "Link Opener" */;
			buildPhases = (
				27DF12641EAF131700D2D1F9 /* Sources */,
				27DF12651EAF131700D2D1F9 /* Frameworks */,
				27DF12661EAF131700D2D1F9 /* Resources */,
				27DF12971EAF135E00D2D1F9 /* Embed App Extensions */,
			);
			buildRules = (
			);
			dependencies = (
				27DF12921EAF135E00D2D1F9 /* PBXTargetDependency */,
			);
			name = "Link Opener";
			productName = "Link Opener";
			productReference = 27DF12681EAF131700D2D1F9 /* Link Opener.app */;
			productType = "com.apple.product-type.application";
		};
		27DF127D1EAF135E00D2D1F9 /* Extension */ = {
			isa = PBXNativeTarget;
			buildConfigurationList = 27DF12941EAF135E00D2D1F9 /* Build configuration list for PBXNativeTarget "Extension" */;
			buildPhases = (
				27DF127A1EAF135E00D2D1F9 /* Sources */,
				27DF127B1EAF135E00D2D1F9 /* Frameworks */,
				27DF127C1EAF135E00D2D1F9 /* Resources */,
			);
			buildRules = (
			);
			dependencies = (
			);
			name = Extension;
			productName = Extension;
			productReference = 27DF127E1EAF135E00D2D1F9 /* Extension.appex */;
			productType = "com.apple.product-type.app-extension";
		};
/* End PBXNativeTarget section */

/* Begin PBXProject section */
		27DF12601EAF131700D2D1F9 /* Project object */ = {
			isa = PBXProject;
			attributes = {
				LastSwiftUpdateCheck = 0830;
				LastUpgradeCheck = 0830;
				ORGANIZATIONNAME = "Otto Vehvilainen";
				TargetAttributes = {
					27DF12671EAF131700D2D1F9 = {
						CreatedOnToolsVersion = 8.3.2;
						DevelopmentTeam = 78VP7DTL6X;
						ProvisioningStyle = Automatic;
					};
					27DF127D1EAF135E00D2D1F9 = {
						CreatedOnToolsVersion = 8.3.2;
						DevelopmentTeam = 78VP7DTL6X;
						ProvisioningStyle = Automatic;
					};
				};
			};
			buildConfigurationList = 27DF12631EAF131700D2D1F9 /* Build configuration list for PBXProject "Link Opener" */;
			compatibilityVersion = "Xcode 3.2";
			developmentRegion = English;
			hasScannedForEncodings = 0;
			knownRegions = (
				en,
				Base,
			);
			mainGroup = 27DF125F1EAF131700D2D1F9;
			productRefGroup = 27DF12691EAF131700D2D1F9 /* Products */;
			projectDirPath = "";
			projectRoot = "";
			targets = (
				27DF12671EAF131700D2D1F9 /* Link Opener */,
				27DF127D1EAF135E00D2D1F9 /* Extension */,
			);
		};
/* End PBXProject section */

/* Begin PBXResourcesBuildPhase section */
		27DF12661EAF131700D2D1F9 /* Resources */ = {
			isa = PBXResourcesBuildPhase;
			buildActionMask = 2147483647;
			files = (
				27DF12701EAF131700D2D1F9 /* Assets.xcassets in Resources */,
				27DF12731EAF131700D2D1F9 /* Main.storyboard in Resources */,
			);
			runOnlyForDeploymentPostprocessing = 0;
		};
		27DF127C1EAF135E00D2D1F9 /* Resources */ = {
			isa = PBXResourcesBuildPhase;
			buildActionMask = 2147483647;
			files = (
				27DF128E1EAF135E00D2D1F9 /* script.js in Resources */,
			);
			runOnlyForDeploymentPostprocessing = 0;
		};
/* End PBXResourcesBuildPhase section */

/* Begin PBXSourcesBuildPhase section */
		27DF12641EAF131700D2D1F9 /* Sources */ = {
			isa = PBXSourcesBuildPhase;
			buildActionMask = 2147483647;
			files = (
				27DF126E1EAF131700D2D1F9 /* ViewController.swift in Sources */,
				27DF126C1EAF131700D2D1F9 /* AppDelegate.swift in Sources */,
			);
			runOnlyForDeploymentPostprocessing = 0;
		};
		27DF127A1EAF135E00D2D1F9 /* Sources */ = {
			isa = PBXSourcesBuildPhase;
			buildActionMask = 2147483647;
			files = (
				27DF12881EAF135E00D2D1F9 /* SafariExtensionViewController.swift in Sources */,
				27DF12861EAF135E00D2D1F9 /* SafariExtensionHandler.swift in Sources */,
			);
			runOnlyForDeploymentPostprocessing = 0;
		};
/* End PBXSourcesBuildPhase section */

/* Begin PBXTargetDependency section */
		27DF12921EAF135E00D2D1F9 /* PBXTargetDependency */ = {
			isa = PBXTargetDependency;
			target = 27DF127D1EAF135E00D2D1F9 /* Extension */;
			targetProxy = 27DF12911EAF135E00D2D1F9 /* PBXContainerItemProxy */;
		};
/* End PBXTargetDependency section */

/* Begin PBXVariantGroup section */
		27DF12711EAF131700D2D1F9 /* Main.storyboard */ = {
			isa = PBXVariantGroup;
			children = (
				27DF12721EAF131700D2D1F9 /* Base */,
			);
			name = Main.storyboard;
			sourceTree = "<group>";
		};
/* End PBXVariantGroup section */

/* Begin XCBuildConfiguration section */
		27DF12751EAF131700D2D1F9 /* Debug */ = {
			isa = XCBuildConfiguration;
			buildSettings = {
				ALWAYS_SEARCH_USER_PATHS = NO;
				CLANG_ANALYZER_NONNULL = YES;
				CLANG_ANALYZER_NUMBER_OBJECT_CONVERSION = YES_AGGRESSIVE;
				CLANG_CXX_LANGUAGE_STANDARD = "gnu++0x";
				CLANG_CXX_LIBRARY = "libc++";
				CLANG_ENABLE_MODULES = YES;
				CLANG_ENABLE_OBJC_ARC = YES;
				CLANG_WARN_BOOL_CONVERSION = YES;
				CLANG_WARN_CONSTANT_CONVERSION = YES;
				CLANG_WARN_DIRECT_OBJC_ISA_USAGE = YES_ERROR;
				CLANG_WARN_DOCUMENTATION_COMMENTS = YES;
				CLANG_WARN_EMPTY_BODY = YES;
				CLANG_WARN_ENUM_CONVERSION = YES;
				CLANG_WARN_INFINITE_RECURSION = YES;
				CLANG_WARN_INT_CONVERSION = YES;
				CLANG_WARN_OBJC_ROOT_CLASS = YES_ERROR;
				CLANG_WARN_SUSPICIOUS_MOVE = YES;
				CLANG_WARN_UNREACHABLE_CODE = YES;
				CLANG_WARN__DUPLICATE_METHOD_MATCH = YES;
				CODE_SIGN_IDENTITY = "-";
				COPY_PHASE_STRIP = NO;
				DEBUG_INFORMATION_FORMAT = dwarf;
				ENABLE_STRICT_OBJC_MSGSEND = YES;
				ENABLE_TESTABILITY = YES;
				GCC_C_LANGUAGE_STANDARD = gnu99;
				GCC_DYNAMIC_NO_PIC = NO;
				GCC_NO_COMMON_BLOCKS = YES;
				GCC_OPTIMIZATION_LEVEL = 0;
				GCC_PREPROCESSOR_DEFINITIONS = (
					"DEBUG=1",
					"$(inherited)",
				);
				GCC_WARN_64_TO_32_BIT_CONVERSION = YES;
				GCC_WARN_ABOUT_RETURN_TYPE = YES_ERROR;
				GCC_WARN_UNDECLARED_SELECTOR = YES;
				GCC_WARN_UNINITIALIZED_AUTOS = YES_AGGRESSIVE;
				GCC_WARN_UNUSED_FUNCTION = YES;
				GCC_WARN_UNUSED_VARIABLE = YES;
				MACOSX_DEPLOYMENT_TARGET = 10.12;
				MTL_ENABLE_DEBUG_INFO = YES;
				ONLY_ACTIVE_ARCH = YES;
				SDKROOT = macosx;
				SWIFT_ACTIVE_COMPILATION_CONDITIONS = DEBUG;
				SWIFT_OPTIMIZATION_LEVEL = "-Onone";
			};
			name = Debug;
		};
		27DF12761EAF131700D2D1F9 /* Release */ = {
			isa = XCBuildConfiguration;
			buildSettings = {
				ALWAYS_SEARCH_USER_PATHS = NO;
				CLANG_ANALYZER_NONNULL = YES;
				CLANG_ANALYZER_NUMBER_OBJECT_CONVERSION = YES_AGGRESSIVE;
				CLANG_CXX_LANGUAGE_STANDARD = "gnu++0x";
				CLANG_CXX_LIBRARY = "libc++";
				CLANG_ENABLE_MODULES = YES;
				CLANG_ENABLE_OBJC_ARC = YES;
				CLANG_WARN_BOOL_CONVERSION = YES;
				CLANG_WARN_CONSTANT_CONVERSION = YES;
				CLANG_WARN_DIRECT_OBJC_ISA_USAGE = YES_ERROR;
				CLANG_WARN_DOCUMENTATION_COMMENTS = YES;
				CLANG_WARN_EMPTY_BODY = YES;
				CLANG_WARN_ENUM_CONVERSION = YES;
				CLANG_WARN_INFINITE_RECURSION = YES;
				CLANG_WARN_INT_CONVERSION = YES;
				CLANG_WARN_OBJC_ROOT_CLASS = YES_ERROR;
				CLANG_WARN_SUSPICIOUS_MOVE = YES;
				CLANG_WARN_UNREACHABLE_CODE = YES;
				CLANG_WARN__DUPLICATE_METHOD_MATCH = YES;
				CODE_SIGN_IDENTITY = "-";
				COPY_PHASE_STRIP = NO;
				DEBUG_INFORMATION_FORMAT = "dwarf-with-dsym";
				ENABLE_NS_ASSERTIONS = NO;
				ENABLE_STRICT_OBJC_MSGSEND = YES;
				GCC_C_LANGUAGE_STANDARD = gnu99;
				GCC_NO_COMMON_BLOCKS = YES;
				GCC_WARN_64_TO_32_BIT_CONVERSION = YES;
				GCC_WARN_ABOUT_RETURN_TYPE = YES_ERROR;
				GCC_WARN_UNDECLARED_SELECTOR = YES;
				GCC_WARN_UNINITIALIZED_AUTOS = YES_AGGRESSIVE;
				GCC_WARN_UNUSED_FUNCTION = YES;
				GCC_WARN_UNUSED_VARIABLE = YES;
				MACOSX_DEPLOYMENT_TARGET = 10.12;
				MTL_ENABLE_DEBUG_INFO = NO;
				SDKROOT = macosx;
				SWIFT_OPTIMIZATION_LEVEL = "-Owholemodule";
			};
			name = Release;
		};
		27DF12781EAF131700D2D1F9 /* Debug */ = {
			isa = XCBuildConfiguration;
			buildSettings = {
				ALWAYS_EMBED_SWIFT_STANDARD_LIBRARIES = YES;
				ASSETCATALOG_COMPILER_APPICON_NAME = AppIcon;
				COMBINE_HIDPI_IMAGES = YES;
				DEVELOPMENT_TEAM = 78VP7DTL6X;
				INFOPLIST_FILE = "Link Opener/Info.plist";
				LD_RUNPATH_SEARCH_PATHS = "$(inherited) @executable_path/../Frameworks";
				PRODUCT_BUNDLE_IDENTIFIER = "fi.mumakil.Link-Opener";
				PRODUCT_NAME = "$(TARGET_NAME)";
				SWIFT_VERSION = 3.0;
			};
			name = Debug;
		};
		27DF12791EAF131700D2D1F9 /* Release */ = {
			isa = XCBuildConfiguration;
			buildSettings = {
				ALWAYS_EMBED_SWIFT_STANDARD_LIBRARIES = YES;
				ASSETCATALOG_COMPILER_APPICON_NAME = AppIcon;
				COMBINE_HIDPI_IMAGES = YES;
				DEVELOPMENT_TEAM = 78VP7DTL6X;
				INFOPLIST_FILE = "Link Opener/Info.plist";
				LD_RUNPATH_SEARCH_PATHS = "$(inherited) @executable_path/../Frameworks";
				PRODUCT_BUNDLE_IDENTIFIER = "fi.mumakil.Link-Opener";
				PRODUCT_NAME = "$(TARGET_NAME)";
				SWIFT_VERSION = 3.0;
			};
			name = Release;
		};
		27DF12951EAF135E00D2D1F9 /* Debug */ = {
			isa = XCBuildConfiguration;
			buildSettings = {
				CODE_SIGN_ENTITLEMENTS = Extension/Extension.entitlements;
				DEVELOPMENT_TEAM = 78VP7DTL6X;
				INFOPLIST_FILE = Extension/Info.plist;
				LD_RUNPATH_SEARCH_PATHS = "$(inherited) @executable_path/../Frameworks @executable_path/../../../../Frameworks";
				PRODUCT_BUNDLE_IDENTIFIER = "fi.mumakil.Link-Opener.Extension";
				PRODUCT_NAME = "$(TARGET_NAME)";
				SKIP_INSTALL = YES;
				SWIFT_VERSION = 3.0;
			};
			name = Debug;
		};
		27DF12961EAF135E00D2D1F9 /* Release */ = {
			isa = XCBuildConfiguration;
			buildSettings = {
				CODE_SIGN_ENTITLEMENTS = Extension/Extension.entitlements;
				DEVELOPMENT_TEAM = 78VP7DTL6X;
				INFOPLIST_FILE = Extension/Info.plist;
				LD_RUNPATH_SEARCH_PATHS = "$(inherited) @executable_path/../Frameworks @executable_path/../../../../Frameworks";
				PRODUCT_BUNDLE_IDENTIFIER = "fi.mumakil.Link-Opener.Extension";
				PRODUCT_NAME = "$(TARGET_NAME)";
				SKIP_INSTALL = YES;
				SWIFT_VERSION = 3.0;
			};
			name = Release;
		};
/* End XCBuildConfiguration section */

/* Begin XCConfigurationList section */
		27DF12631EAF131700D2D1F9 /* Build configuration list for PBXProject "Link Opener" */ = {
			isa = XCConfigurationList;
			buildConfigurations = (
				27DF12751EAF131700D2D1F9 /* Debug */,
				27DF12761EAF131700D2D1F9 /* Release */,
			);
			defaultConfigurationIsVisible = 0;
			defaultConfigurationName = Release;
		};
		27DF12771EAF131700D2D1F9 /* Build configuration list for PBXNativeTarget "Link Opener" */ = {
			isa = XCConfigurationList;
			buildConfigurations = (
				27DF12781EAF131700D2D1F9 /* Debug */,
				27DF12791EAF131700D2D1F9 /* Release */,
			);
			defaultConfigurationIsVisible = 0;
		};
		27DF12941EAF135E00D2D1F9 /* Build configuration list for PBXNativeTarget "Extension" */ = {
			isa = XCConfigurationList;
			buildConfigurations = (
				27DF12951EAF135E00D2D1F9 /* Debug */,
				27DF12961EAF135E00D2D1F9 /* Release */,
			);
			defaultConfigurationIsVisible = 0;
		};
/* End XCConfigurationList section */
	};
	rootObject = 27DF12601EAF131700D2D1F9 /* Project object */;
}
